
Microsoft Visual Studio Solution File, Format Version 12.00
# Visual Studio Express 15 for Windows Desktop
VisualStudioVersion = 15.0.27428.2037
MinimumVisualStudioVersion = 10.0.40219.1
Project("{FAE04EC0-301F-11D3-BF4B-00C04F79EFBC}") = "ARCexplorer", "ARCexplorer\ARCexplorer.csproj", "{EEC4B056-C6F4-42DA-B9C8-3D187CA604C7}"
EndProject
Global
	GlobalSection(SolutionConfigurationPlatforms) = preSolution
		Debug|Any CPU = Debug|Any CPU
		Release|Any CPU = Release|Any CPU
	EndGlobalSection
	GlobalSection(ProjectConfigurationPlatforms) = postSolution
		{EEC4B056-C6F4-42DA-B9C8-3D187CA604C7}.Debug|Any CPU.ActiveCfg = Debug|Any CPU
		{EEC4B056-C6F4-42DA-B9C8-3D187CA604C7}.Debug|Any CPU.Build.0 = Debug|Any CPU
		{EEC4B056-C6F4-42DA-B9C8-3D187CA604C7}.Release|Any CPU.ActiveCfg = Release|Any CPU
		{EEC4B056-C6F4-42DA-B9C8-3D187CA604C7}.Release|Any CPU.Build.0 = Release|Any CPU
	EndGlobalSection
	GlobalSection(SolutionProperties) = preSolution
		HideSolutionNode = FALSE
	EndGlobalSection
	GlobalSection(ExtensibilityGlobals) = postSolution
		SolutionGuid = {1A343172-9CCE-44D8-9A72-8A4EE34E1C89}
	EndGlobalSection
EndGlobal
